// !$*UTF8*$!
{
	archiveVersion = 1;
	classes = {
	};
	objectVersion = 56;
	objects = {

/* Begin PBXBuildFile section */
		210E0AC32BC0B95000C48003 /* Test_SmartSpectra_SDKApp.swift in Sources */ = {isa = PBXBuildFile; fileRef = 210E0AC22BC0B95000C48003 /* Test_SmartSpectra_SDKApp.swift */; };
		210E0AC52BC0B95000C48003 /* ContentView.swift in Sources */ = {isa = PBXBuildFile; fileRef = 210E0AC42BC0B95000C48003 /* ContentView.swift */; };
		210E0AC72BC0B95000C48003 /* Assets.xcassets in Resources */ = {isa = PBXBuildFile; fileRef = 210E0AC62BC0B95000C48003 /* Assets.xcassets */; };
		210E0ACA2BC0B95000C48003 /* Preview Assets.xcassets in Resources */ = {isa = PBXBuildFile; fileRef = 210E0AC92BC0B95000C48003 /* Preview Assets.xcassets */; };
		812CA1932CC307B100085344 /* SmartSpectraIosSDK in Frameworks */ = {isa = PBXBuildFile; productRef = 812CA1922CC307B100085344 /* SmartSpectraIosSDK */; };
		81B8D8F42C6B077D00B24A0F /* LineChartView.swift in Sources */ = {isa = PBXBuildFile; fileRef = 81B8D8F32C6B077D00B24A0F /* LineChartView.swift */; };
/* End PBXBuildFile section */

/* Begin PBXFileReference section */
		210E0ABF2BC0B94F00C48003 /* Test SmartSpectra SDK.app */ = {isa = PBXFileReference; explicitFileType = wrapper.application; includeInIndex = 0; path = "Test SmartSpectra SDK.app"; sourceTree = BUILT_PRODUCTS_DIR; };
		210E0AC22BC0B95000C48003 /* Test_SmartSpectra_SDKApp.swift */ = {isa = PBXFileReference; lastKnownFileType = sourcecode.swift; path = Test_SmartSpectra_SDKApp.swift; sourceTree = "<group>"; };
		210E0AC42BC0B95000C48003 /* ContentView.swift */ = {isa = PBXFileReference; lastKnownFileType = sourcecode.swift; path = ContentView.swift; sourceTree = "<group>"; };
		210E0AC62BC0B95000C48003 /* Assets.xcassets */ = {isa = PBXFileReference; lastKnownFileType = folder.assetcatalog; path = Assets.xcassets; sourceTree = "<group>"; };
		210E0AC92BC0B95000C48003 /* Preview Assets.xcassets */ = {isa = PBXFileReference; lastKnownFileType = folder.assetcatalog; path = "Preview Assets.xcassets"; sourceTree = "<group>"; };
		388B7E2B2BD9E4690024CF39 /* README.md */ = {isa = PBXFileReference; fileEncoding = 4; lastKnownFileType = net.daringfireball.markdown; path = README.md; sourceTree = "<group>"; };
		81B8D8F32C6B077D00B24A0F /* LineChartView.swift */ = {isa = PBXFileReference; lastKnownFileType = sourcecode.swift; path = LineChartView.swift; sourceTree = "<group>"; };
/* End PBXFileReference section */

/* Begin PBXFrameworksBuildPhase section */
		210E0ABC2BC0B94F00C48003 /* Frameworks */ = {
			isa = PBXFrameworksBuildPhase;
			buildActionMask = 2147483647;
			files = (
				812CA1932CC307B100085344 /* SmartSpectraIosSDK in Frameworks */,
			);
			runOnlyForDeploymentPostprocessing = 0;
		};
/* End PBXFrameworksBuildPhase section */

/* Begin PBXGroup section */
		210E0AB62BC0B94F00C48003 = {
			isa = PBXGroup;
			children = (
				388B7E2B2BD9E4690024CF39 /* README.md */,
				210E0AC12BC0B94F00C48003 /* Test SmartSpectra SDK */,
				815245162CAF29D4008D10D0 /* Frameworks */,
				210E0AC02BC0B94F00C48003 /* Products */,
			);
			sourceTree = "<group>";
		};
		210E0AC02BC0B94F00C48003 /* Products */ = {
			isa = PBXGroup;
			children = (
				210E0ABF2BC0B94F00C48003 /* Test SmartSpectra SDK.app */,
			);
			name = Products;
			sourceTree = "<group>";
		};
		210E0AC12BC0B94F00C48003 /* Test SmartSpectra SDK */ = {
			isa = PBXGroup;
			children = (
				210E0AC22BC0B95000C48003 /* Test_SmartSpectra_SDKApp.swift */,
				210E0AC42BC0B95000C48003 /* ContentView.swift */,
				81B8D8F32C6B077D00B24A0F /* LineChartView.swift */,
				210E0AC62BC0B95000C48003 /* Assets.xcassets */,
				210E0AC82BC0B95000C48003 /* Preview Content */,
			);
			path = "Test SmartSpectra SDK";
			sourceTree = "<group>";
		};
		210E0AC82BC0B95000C48003 /* Preview Content */ = {
			isa = PBXGroup;
			children = (
				210E0AC92BC0B95000C48003 /* Preview Assets.xcassets */,
			);
			path = "Preview Content";
			sourceTree = "<group>";
		};
		815245162CAF29D4008D10D0 /* Frameworks */ = {
			isa = PBXGroup;
			children = (
			);
			name = Frameworks;
			sourceTree = "<group>";
		};
/* End PBXGroup section */

/* Begin PBXNativeTarget section */
		210E0ABE2BC0B94F00C48003 /* Test SmartSpectra SDK */ = {
			isa = PBXNativeTarget;
			buildConfigurationList = 210E0ACD2BC0B95000C48003 /* Build configuration list for PBXNativeTarget "Test SmartSpectra SDK" */;
			buildPhases = (
				210E0ABB2BC0B94F00C48003 /* Sources */,
				210E0ABC2BC0B94F00C48003 /* Frameworks */,
				210E0ABD2BC0B94F00C48003 /* Resources */,
			);
			buildRules = (
			);
			dependencies = (
			);
			name = "Test SmartSpectra SDK";
			packageProductDependencies = (
				812CA1922CC307B100085344 /* SmartSpectraIosSDK */,
			);
			productName = "Test SmartSpectra SDK";
			productReference = 210E0ABF2BC0B94F00C48003 /* Test SmartSpectra SDK.app */;
			productType = "com.apple.product-type.application";
		};
/* End PBXNativeTarget section */

/* Begin PBXProject section */
		210E0AB72BC0B94F00C48003 /* Project object */ = {
			isa = PBXProject;
			attributes = {
				BuildIndependentTargetsInParallel = 1;
				LastSwiftUpdateCheck = 1530;
				LastUpgradeCheck = 1530;
				TargetAttributes = {
					210E0ABE2BC0B94F00C48003 = {
						CreatedOnToolsVersion = 15.3;
					};
				};
			};
			buildConfigurationList = 210E0ABA2BC0B94F00C48003 /* Build configuration list for PBXProject "Test SmartSpectra SDK" */;
			compatibilityVersion = "Xcode 14.0";
			developmentRegion = en;
			hasScannedForEncodings = 0;
			knownRegions = (
				en,
				Base,
			);
			mainGroup = 210E0AB62BC0B94F00C48003;
			packageReferences = (
				812CA1912CC307B100085344 /* XCRemoteSwiftPackageReference "SmartSpectra-iOS-SDK" */,
			);
			productRefGroup = 210E0AC02BC0B94F00C48003 /* Products */;
			projectDirPath = "";
			projectRoot = "";
			targets = (
				210E0ABE2BC0B94F00C48003 /* Test SmartSpectra SDK */,
			);
		};
/* End PBXProject section */

/* Begin PBXResourcesBuildPhase section */
		210E0ABD2BC0B94F00C48003 /* Resources */ = {
			isa = PBXResourcesBuildPhase;
			buildActionMask = 2147483647;
			files = (
				210E0ACA2BC0B95000C48003 /* Preview Assets.xcassets in Resources */,
				210E0AC72BC0B95000C48003 /* Assets.xcassets in Resources */,
			);
			runOnlyForDeploymentPostprocessing = 0;
		};
/* End PBXResourcesBuildPhase section */

/* Begin PBXSourcesBuildPhase section */
		210E0ABB2BC0B94F00C48003 /* Sources */ = {
			isa = PBXSourcesBuildPhase;
			buildActionMask = 2147483647;
			files = (
				210E0AC52BC0B95000C48003 /* ContentView.swift in Sources */,
				210E0AC32BC0B95000C48003 /* Test_SmartSpectra_SDKApp.swift in Sources */,
				81B8D8F42C6B077D00B24A0F /* LineChartView.swift in Sources */,
			);
			runOnlyForDeploymentPostprocessing = 0;
		};
/* End PBXSourcesBuildPhase section */

/* Begin XCBuildConfiguration section */
		210E0ACB2BC0B95000C48003 /* Debug */ = {
			isa = XCBuildConfiguration;
			buildSettings = {
				ALWAYS_SEARCH_USER_PATHS = NO;
				ASSETCATALOG_COMPILER_GENERATE_SWIFT_ASSET_SYMBOL_EXTENSIONS = YES;
				CLANG_ANALYZER_NONNULL = YES;
				CLANG_ANALYZER_NUMBER_OBJECT_CONVERSION = YES_AGGRESSIVE;
				CLANG_CXX_LANGUAGE_STANDARD = "gnu++20";
				CLANG_ENABLE_MODULES = YES;
				CLANG_ENABLE_OBJC_ARC = YES;
				CLANG_ENABLE_OBJC_WEAK = YES;
				CLANG_WARN_BLOCK_CAPTURE_AUTORELEASING = YES;
				CLANG_WARN_BOOL_CONVERSION = YES;
				CLANG_WARN_COMMA = YES;
				CLANG_WARN_CONSTANT_CONVERSION = YES;
				CLANG_WARN_DEPRECATED_OBJC_IMPLEMENTATIONS = YES;
				CLANG_WARN_DIRECT_OBJC_ISA_USAGE = YES_ERROR;
				CLANG_WARN_DOCUMENTATION_COMMENTS = YES;
				CLANG_WARN_EMPTY_BODY = YES;
				CLANG_WARN_ENUM_CONVERSION = YES;
				CLANG_WARN_INFINITE_RECURSION = YES;
				CLANG_WARN_INT_CONVERSION = YES;
				CLANG_WARN_NON_LITERAL_NULL_CONVERSION = YES;
				CLANG_WARN_OBJC_IMPLICIT_RETAIN_SELF = YES;
				CLANG_WARN_OBJC_LITERAL_CONVERSION = YES;
				CLANG_WARN_OBJC_ROOT_CLASS = YES_ERROR;
				CLANG_WARN_QUOTED_INCLUDE_IN_FRAMEWORK_HEADER = YES;
				CLANG_WARN_RANGE_LOOP_ANALYSIS = YES;
				CLANG_WARN_STRICT_PROTOTYPES = YES;
				CLANG_WARN_SUSPICIOUS_MOVE = YES;
				CLANG_WARN_UNGUARDED_AVAILABILITY = YES_AGGRESSIVE;
				CLANG_WARN_UNREACHABLE_CODE = YES;
				CLANG_WARN__DUPLICATE_METHOD_MATCH = YES;
				COPY_PHASE_STRIP = NO;
				DEBUG_INFORMATION_FORMAT = dwarf;
				ENABLE_STRICT_OBJC_MSGSEND = YES;
				ENABLE_TESTABILITY = YES;
				ENABLE_USER_SCRIPT_SANDBOXING = YES;
				GCC_C_LANGUAGE_STANDARD = gnu17;
				GCC_DYNAMIC_NO_PIC = NO;
				GCC_NO_COMMON_BLOCKS = YES;
				GCC_OPTIMIZATION_LEVEL = 0;
				GCC_PREPROCESSOR_DEFINITIONS = (
					"DEBUG=1",
					"$(inherited)",
				);
				GCC_WARN_64_TO_32_BIT_CONVERSION = YES;
				GCC_WARN_ABOUT_RETURN_TYPE = YES_ERROR;
				GCC_WARN_UNDECLARED_SELECTOR = YES;
				GCC_WARN_UNINITIALIZED_AUTOS = YES_AGGRESSIVE;
				GCC_WARN_UNUSED_FUNCTION = YES;
				GCC_WARN_UNUSED_VARIABLE = YES;
				IPHONEOS_DEPLOYMENT_TARGET = 17.4;
				LOCALIZATION_PREFERS_STRING_CATALOGS = YES;
				MTL_ENABLE_DEBUG_INFO = INCLUDE_SOURCE;
				MTL_FAST_MATH = YES;
				ONLY_ACTIVE_ARCH = YES;
				SDKROOT = iphoneos;
				SWIFT_ACTIVE_COMPILATION_CONDITIONS = "DEBUG $(inherited)";
				SWIFT_OPTIMIZATION_LEVEL = "-Onone";
			};
			name = Debug;
		};
		210E0ACC2BC0B95000C48003 /* Release */ = {
			isa = XCBuildConfiguration;
			buildSettings = {
				ALWAYS_SEARCH_USER_PATHS = NO;
				ASSETCATALOG_COMPILER_GENERATE_SWIFT_ASSET_SYMBOL_EXTENSIONS = YES;
				CLANG_ANALYZER_NONNULL = YES;
				CLANG_ANALYZER_NUMBER_OBJECT_CONVERSION = YES_AGGRESSIVE;
				CLANG_CXX_LANGUAGE_STANDARD = "gnu++20";
				CLANG_ENABLE_MODULES = YES;
				CLANG_ENABLE_OBJC_ARC = YES;
				CLANG_ENABLE_OBJC_WEAK = YES;
				CLANG_WARN_BLOCK_CAPTURE_AUTORELEASING = YES;
				CLANG_WARN_BOOL_CONVERSION = YES;
				CLANG_WARN_COMMA = YES;
				CLANG_WARN_CONSTANT_CONVERSION = YES;
				CLANG_WARN_DEPRECATED_OBJC_IMPLEMENTATIONS = YES;
				CLANG_WARN_DIRECT_OBJC_ISA_USAGE = YES_ERROR;
				CLANG_WARN_DOCUMENTATION_COMMENTS = YES;
				CLANG_WARN_EMPTY_BODY = YES;
				CLANG_WARN_ENUM_CONVERSION = YES;
				CLANG_WARN_INFINITE_RECURSION = YES;
				CLANG_WARN_INT_CONVERSION = YES;
				CLANG_WARN_NON_LITERAL_NULL_CONVERSION = YES;
				CLANG_WARN_OBJC_IMPLICIT_RETAIN_SELF = YES;
				CLANG_WARN_OBJC_LITERAL_CONVERSION = YES;
				CLANG_WARN_OBJC_ROOT_CLASS = YES_ERROR;
				CLANG_WARN_QUOTED_INCLUDE_IN_FRAMEWORK_HEADER = YES;
				CLANG_WARN_RANGE_LOOP_ANALYSIS = YES;
				CLANG_WARN_STRICT_PROTOTYPES = YES;
				CLANG_WARN_SUSPICIOUS_MOVE = YES;
				CLANG_WARN_UNGUARDED_AVAILABILITY = YES_AGGRESSIVE;
				CLANG_WARN_UNREACHABLE_CODE = YES;
				CLANG_WARN__DUPLICATE_METHOD_MATCH = YES;
				COPY_PHASE_STRIP = NO;
				DEBUG_INFORMATION_FORMAT = "dwarf-with-dsym";
				ENABLE_NS_ASSERTIONS = NO;
				ENABLE_STRICT_OBJC_MSGSEND = YES;
				ENABLE_USER_SCRIPT_SANDBOXING = YES;
				GCC_C_LANGUAGE_STANDARD = gnu17;
				GCC_NO_COMMON_BLOCKS = YES;
				GCC_WARN_64_TO_32_BIT_CONVERSION = YES;
				GCC_WARN_ABOUT_RETURN_TYPE = YES_ERROR;
				GCC_WARN_UNDECLARED_SELECTOR = YES;
				GCC_WARN_UNINITIALIZED_AUTOS = YES_AGGRESSIVE;
				GCC_WARN_UNUSED_FUNCTION = YES;
				GCC_WARN_UNUSED_VARIABLE = YES;
				IPHONEOS_DEPLOYMENT_TARGET = 17.4;
				LOCALIZATION_PREFERS_STRING_CATALOGS = YES;
				MTL_ENABLE_DEBUG_INFO = NO;
				MTL_FAST_MATH = YES;
				SDKROOT = iphoneos;
				SWIFT_COMPILATION_MODE = wholemodule;
				VALIDATE_PRODUCT = YES;
			};
			name = Release;
		};
		210E0ACE2BC0B95000C48003 /* Debug */ = {
			isa = XCBuildConfiguration;
			buildSettings = {
				ASSETCATALOG_COMPILER_APPICON_NAME = AppIcon;
				ASSETCATALOG_COMPILER_GLOBAL_ACCENT_COLOR_NAME = AccentColor;
				CODE_SIGN_IDENTITY = "Apple Distribution: Presage Security, Inc. (54D6QF28QA)";
				"CODE_SIGN_IDENTITY[sdk=iphoneos*]" = "Apple Distribution: Presage Security, Inc. (54D6QF28QA)";
				CODE_SIGN_STYLE = Manual;
				CURRENT_PROJECT_VERSION = 10.0.1;
				DEVELOPMENT_ASSET_PATHS = "\"Test SmartSpectra SDK/Preview Content\"";
				DEVELOPMENT_TEAM = 54D6QF28QA;
				"DEVELOPMENT_TEAM[sdk=iphoneos*]" = 54D6QF28QA;
				ENABLE_PREVIEWS = YES;
				GENERATE_INFOPLIST_FILE = YES;
				INFOPLIST_KEY_NSCameraUsageDescription = "please give access";
				INFOPLIST_KEY_UIApplicationSceneManifest_Generation = YES;
				INFOPLIST_KEY_UIApplicationSupportsIndirectInputEvents = YES;
				INFOPLIST_KEY_UILaunchScreen_Generation = YES;
				INFOPLIST_KEY_UISupportedInterfaceOrientations_iPad = "UIInterfaceOrientationPortrait UIInterfaceOrientationPortraitUpsideDown UIInterfaceOrientationLandscapeLeft UIInterfaceOrientationLandscapeRight";
				INFOPLIST_KEY_UISupportedInterfaceOrientations_iPhone = "UIInterfaceOrientationPortrait UIInterfaceOrientationLandscapeLeft UIInterfaceOrientationLandscapeRight";
				IPHONEOS_DEPLOYMENT_TARGET = 15.0;
				LD_RUNPATH_SEARCH_PATHS = (
					"$(inherited)",
					"@executable_path/Frameworks",
				);
				MARKETING_VERSION = 1.0;
				PRODUCT_BUNDLE_IDENTIFIER = com.presage.smart.SDK.example.Example;
				PRODUCT_NAME = "$(TARGET_NAME)";
				PROVISIONING_PROFILE_SPECIFIER = "";
				"PROVISIONING_PROFILE_SPECIFIER[sdk=iphoneos*]" = "match AppStore com.presage.smart.SDK.example.Example";
				SWIFT_EMIT_LOC_STRINGS = YES;
				SWIFT_VERSION = 5.0;
				TARGETED_DEVICE_FAMILY = "1,2";
			};
			name = Debug;
		};
		210E0ACF2BC0B95000C48003 /* Release */ = {
			isa = XCBuildConfiguration;
			buildSettings = {
				ASSETCATALOG_COMPILER_APPICON_NAME = AppIcon;
				ASSETCATALOG_COMPILER_GLOBAL_ACCENT_COLOR_NAME = AccentColor;
				CODE_SIGN_IDENTITY = "Apple Distribution: Presage Security, Inc. (54D6QF28QA)";
				"CODE_SIGN_IDENTITY[sdk=iphoneos*]" = "Apple Distribution: Presage Security, Inc. (54D6QF28QA)";
				CODE_SIGN_STYLE = Manual;
				CURRENT_PROJECT_VERSION = 10.0.1;
				DEVELOPMENT_ASSET_PATHS = "\"Test SmartSpectra SDK/Preview Content\"";
				DEVELOPMENT_TEAM = 54D6QF28QA;
				"DEVELOPMENT_TEAM[sdk=iphoneos*]" = 54D6QF28QA;
				ENABLE_PREVIEWS = YES;
				GENERATE_INFOPLIST_FILE = YES;
				INFOPLIST_KEY_NSCameraUsageDescription = "please give access";
				INFOPLIST_KEY_UIApplicationSceneManifest_Generation = YES;
				INFOPLIST_KEY_UIApplicationSupportsIndirectInputEvents = YES;
				INFOPLIST_KEY_UILaunchScreen_Generation = YES;
				INFOPLIST_KEY_UISupportedInterfaceOrientations_iPad = "UIInterfaceOrientationPortrait UIInterfaceOrientationPortraitUpsideDown UIInterfaceOrientationLandscapeLeft UIInterfaceOrientationLandscapeRight";
				INFOPLIST_KEY_UISupportedInterfaceOrientations_iPhone = "UIInterfaceOrientationPortrait UIInterfaceOrientationLandscapeLeft UIInterfaceOrientationLandscapeRight";
				IPHONEOS_DEPLOYMENT_TARGET = 15.0;
				LD_RUNPATH_SEARCH_PATHS = (
					"$(inherited)",
					"@executable_path/Frameworks",
				);
				MARKETING_VERSION = 1.0;
				PRODUCT_BUNDLE_IDENTIFIER = com.presage.smart.SDK.example.Example;
				PRODUCT_NAME = "$(TARGET_NAME)";
				PROVISIONING_PROFILE_SPECIFIER = "";
				"PROVISIONING_PROFILE_SPECIFIER[sdk=iphoneos*]" = "match AppStore com.presage.smart.SDK.example.Example";
				SWIFT_EMIT_LOC_STRINGS = YES;
				SWIFT_VERSION = 5.0;
				TARGETED_DEVICE_FAMILY = "1,2";
			};
			name = Release;
		};
/* End XCBuildConfiguration section */

/* Begin XCConfigurationList section */
		210E0ABA2BC0B94F00C48003 /* Build configuration list for PBXProject "Test SmartSpectra SDK" */ = {
			isa = XCConfigurationList;
			buildConfigurations = (
				210E0ACB2BC0B95000C48003 /* Debug */,
				210E0ACC2BC0B95000C48003 /* Release */,
			);
			defaultConfigurationIsVisible = 0;
			defaultConfigurationName = Release;
		};
		210E0ACD2BC0B95000C48003 /* Build configuration list for PBXNativeTarget "Test SmartSpectra SDK" */ = {
			isa = XCConfigurationList;
			buildConfigurations = (
				210E0ACE2BC0B95000C48003 /* Debug */,
				210E0ACF2BC0B95000C48003 /* Release */,
			);
			defaultConfigurationIsVisible = 0;
			defaultConfigurationName = Release;
		};
/* End XCConfigurationList section */

/* Begin XCRemoteSwiftPackageReference section */
		812CA1912CC307B100085344 /* XCRemoteSwiftPackageReference "SmartSpectra-iOS-SDK" */ = {
			isa = XCRemoteSwiftPackageReference;
			repositoryURL = "https://github.com/Presage-Security/SmartSpectra-iOS-SDK";
			requirement = {
				branch = main;
				kind = branch;
			};
		};
/* End XCRemoteSwiftPackageReference section */

/* Begin XCSwiftPackageProductDependency section */
		812CA1922CC307B100085344 /* SmartSpectraIosSDK */ = {
			isa = XCSwiftPackageProductDependency;
			package = 812CA1912CC307B100085344 /* XCRemoteSwiftPackageReference "SmartSpectra-iOS-SDK" */;
			productName = SmartSpectraIosSDK;
		};
/* End XCSwiftPackageProductDependency section */
	};
	rootObject = 210E0AB72BC0B94F00C48003 /* Project object */;
}
